
Microsoft Visual Studio Solution File, Format Version 12.00
# Visual Studio Version 17
VisualStudioVersion = 17.0.31903.59
MinimumVisualStudioVersion = 10.0.40219.1
Project("{9A19103F-16F7-4668-BE54-9A1E7A4F7556}") = "Drastic.Whisper", "Library\Drastic.Whisper\Drastic.Whisper.csproj", "{69B4DE5D-FF97-4B0D-96C4-C5A404A0DB05}"
EndProject
Project("{9A19103F-16F7-4668-BE54-9A1E7A4F7556}") = "Drastic.Whisper.VLC", "Library\Drastic.Whisper.VLC\Drastic.Whisper.VLC.csproj", "{6B18C271-3B8C-4C9A-8409-B52A1929815A}"
EndProject
Project("{9A19103F-16F7-4668-BE54-9A1E7A4F7556}") = "Drastic.Whisper.FFMpeg", "Library\Drastic.Whisper.FFMpeg\Drastic.Whisper.FFMpeg.csproj", "{3D88CA55-6C75-4B94-8ED1-02248EF84484}"
EndProject
Project("{9A19103F-16F7-4668-BE54-9A1E7A4F7556}") = "Drastic.Whisper.UI", "Library\Drastic.Whisper.UI\Drastic.Whisper.UI.csproj", "{171CA8C4-88D3-4D43-8593-5CB4AAF69040}"
EndProject
Project("{9A19103F-16F7-4668-BE54-9A1E7A4F7556}") = "Drastic.Whisper.MauiUI", "Library\Drastic.Whisper.MauiUI\Drastic.Whisper.MauiUI.csproj", "{BC58BD43-A63F-4BD9-85C9-448804B7A5A4}"
EndProject
Project("{2150E333-8FDC-42A3-9474-1A3956D46DE8}") = "Maui", "Maui", "{C8074A77-C193-45CD-A05B-D6C82DDF9292}"
EndProject
Project("{9A19103F-16F7-4668-BE54-9A1E7A4F7556}") = "Drastic.Whisper.MauiDebug", "Apps\Drastic.Whisper.MauiDebug\Drastic.Whisper.MauiDebug.csproj", "{458CB45F-8613-421A-BECE-1686A3D2BCD4}"
EndProject
Project("{9A19103F-16F7-4668-BE54-9A1E7A4F7556}") = "Drastic.Media", "Library\Drastic.Media\Drastic.Media.csproj", "{C861E0CC-CC16-402C-A492-7AFBE2A56EC4}"
EndProject
Project("{2150E333-8FDC-42A3-9474-1A3956D46DE8}") = "CLI", "CLI", "{DD2681A5-17E6-4952-B354-BBF7AF7B49EE}"
EndProject
Project("{9A19103F-16F7-4668-BE54-9A1E7A4F7556}") = "Drastic.PodcastWhisper", "Apps\Drastic.PodcastWhisper\Drastic.PodcastWhisper.csproj", "{E7AFD5FF-B38D-4621-A64E-522D9990CB11}"
EndProject
Project("{2150E333-8FDC-42A3-9474-1A3956D46DE8}") = "External", "External", "{EFB7141F-94F3-4F52-8F74-4BA907159185}"
EndProject
Project("{9A19103F-16F7-4668-BE54-9A1E7A4F7556}") = "Whisper.net", "..\external\whisper.net\Whisper.net\Whisper.net.csproj", "{F255241A-C275-4CD4-9A9B-1B1EE78AD227}"
EndProject
Project("{FAE04EC0-301F-11D3-BF4B-00C04F79EFBC}") = "Drastic.WhisperCLI", "Apps\Drastic.WhisperCLI\Drastic.WhisperCLI.csproj", "{75268D38-31DC-44E1-BC10-967AF5F8B60F}"
EndProject
Project("{D954291E-2A0B-460D-934E-DC6B0785DB48}") = "Drastic.WhisperCLI.Shared", "Apps\Drastic.WhisperCLI.Shared\Drastic.WhisperCLI.Shared.shproj", "{7E2EC342-7D22-4B1A-A03D-75C17951F3EA}"
EndProject
Project("{FAE04EC0-301F-11D3-BF4B-00C04F79EFBC}") = "Drastic.WhisperCLI.CoreML", "Apps\Drastic.WhisperCLI.CoreML\Drastic.WhisperCLI.CoreML.csproj", "{D1B22EF5-57AF-4DD8-99B6-EE8F5F9D179E}"
EndProject
Global
	GlobalSection(SolutionConfigurationPlatforms) = preSolution
		Debug|Any CPU = Debug|Any CPU
		Release|Any CPU = Release|Any CPU
	EndGlobalSection
	GlobalSection(ProjectConfigurationPlatforms) = postSolution
		{69B4DE5D-FF97-4B0D-96C4-C5A404A0DB05}.Debug|Any CPU.ActiveCfg = Debug|Any CPU
		{69B4DE5D-FF97-4B0D-96C4-C5A404A0DB05}.Debug|Any CPU.Build.0 = Debug|Any CPU
		{69B4DE5D-FF97-4B0D-96C4-C5A404A0DB05}.Release|Any CPU.ActiveCfg = Release|Any CPU
		{69B4DE5D-FF97-4B0D-96C4-C5A404A0DB05}.Release|Any CPU.Build.0 = Release|Any CPU
		{6B18C271-3B8C-4C9A-8409-B52A1929815A}.Debug|Any CPU.ActiveCfg = Debug|Any CPU
		{6B18C271-3B8C-4C9A-8409-B52A1929815A}.Debug|Any CPU.Build.0 = Debug|Any CPU
		{6B18C271-3B8C-4C9A-8409-B52A1929815A}.Release|Any CPU.ActiveCfg = Release|Any CPU
		{6B18C271-3B8C-4C9A-8409-B52A1929815A}.Release|Any CPU.Build.0 = Release|Any CPU
		{3D88CA55-6C75-4B94-8ED1-02248EF84484}.Debug|Any CPU.ActiveCfg = Debug|Any CPU
		{3D88CA55-6C75-4B94-8ED1-02248EF84484}.Debug|Any CPU.Build.0 = Debug|Any CPU
		{3D88CA55-6C75-4B94-8ED1-02248EF84484}.Release|Any CPU.ActiveCfg = Release|Any CPU
		{3D88CA55-6C75-4B94-8ED1-02248EF84484}.Release|Any CPU.Build.0 = Release|Any CPU
		{171CA8C4-88D3-4D43-8593-5CB4AAF69040}.Debug|Any CPU.ActiveCfg = Debug|Any CPU
		{171CA8C4-88D3-4D43-8593-5CB4AAF69040}.Debug|Any CPU.Build.0 = Debug|Any CPU
		{171CA8C4-88D3-4D43-8593-5CB4AAF69040}.Release|Any CPU.ActiveCfg = Release|Any CPU
		{171CA8C4-88D3-4D43-8593-5CB4AAF69040}.Release|Any CPU.Build.0 = Release|Any CPU
		{BC58BD43-A63F-4BD9-85C9-448804B7A5A4}.Debug|Any CPU.ActiveCfg = Debug|Any CPU
		{BC58BD43-A63F-4BD9-85C9-448804B7A5A4}.Debug|Any CPU.Build.0 = Debug|Any CPU
		{BC58BD43-A63F-4BD9-85C9-448804B7A5A4}.Release|Any CPU.ActiveCfg = Release|Any CPU
		{BC58BD43-A63F-4BD9-85C9-448804B7A5A4}.Release|Any CPU.Build.0 = Release|Any CPU
		{458CB45F-8613-421A-BECE-1686A3D2BCD4}.Debug|Any CPU.ActiveCfg = Debug|Any CPU
		{458CB45F-8613-421A-BECE-1686A3D2BCD4}.Debug|Any CPU.Build.0 = Debug|Any CPU
		{458CB45F-8613-421A-BECE-1686A3D2BCD4}.Debug|Any CPU.Deploy.0 = Debug|Any CPU
		{458CB45F-8613-421A-BECE-1686A3D2BCD4}.Release|Any CPU.ActiveCfg = Release|Any CPU
		{458CB45F-8613-421A-BECE-1686A3D2BCD4}.Release|Any CPU.Build.0 = Release|Any CPU
		{458CB45F-8613-421A-BECE-1686A3D2BCD4}.Release|Any CPU.Deploy.0 = Release|Any CPU
		{C861E0CC-CC16-402C-A492-7AFBE2A56EC4}.Debug|Any CPU.ActiveCfg = Debug|Any CPU
		{C861E0CC-CC16-402C-A492-7AFBE2A56EC4}.Debug|Any CPU.Build.0 = Debug|Any CPU
		{C861E0CC-CC16-402C-A492-7AFBE2A56EC4}.Release|Any CPU.ActiveCfg = Release|Any CPU
		{C861E0CC-CC16-402C-A492-7AFBE2A56EC4}.Release|Any CPU.Build.0 = Release|Any CPU
		{E7AFD5FF-B38D-4621-A64E-522D9990CB11}.Debug|Any CPU.ActiveCfg = Debug|Any CPU
		{E7AFD5FF-B38D-4621-A64E-522D9990CB11}.Debug|Any CPU.Build.0 = Debug|Any CPU
		{E7AFD5FF-B38D-4621-A64E-522D9990CB11}.Release|Any CPU.ActiveCfg = Release|Any CPU
		{E7AFD5FF-B38D-4621-A64E-522D9990CB11}.Release|Any CPU.Build.0 = Release|Any CPU
		{F255241A-C275-4CD4-9A9B-1B1EE78AD227}.Debug|Any CPU.ActiveCfg = Debug|Any CPU
		{F255241A-C275-4CD4-9A9B-1B1EE78AD227}.Debug|Any CPU.Build.0 = Debug|Any CPU
		{F255241A-C275-4CD4-9A9B-1B1EE78AD227}.Release|Any CPU.ActiveCfg = Release|Any CPU
		{F255241A-C275-4CD4-9A9B-1B1EE78AD227}.Release|Any CPU.Build.0 = Release|Any CPU
		{75268D38-31DC-44E1-BC10-967AF5F8B60F}.Debug|Any CPU.ActiveCfg = Debug|Any CPU
		{75268D38-31DC-44E1-BC10-967AF5F8B60F}.Debug|Any CPU.Build.0 = Debug|Any CPU
		{75268D38-31DC-44E1-BC10-967AF5F8B60F}.Release|Any CPU.ActiveCfg = Release|Any CPU
		{75268D38-31DC-44E1-BC10-967AF5F8B60F}.Release|Any CPU.Build.0 = Release|Any CPU
		{D1B22EF5-57AF-4DD8-99B6-EE8F5F9D179E}.Debug|Any CPU.ActiveCfg = Debug|Any CPU
		{D1B22EF5-57AF-4DD8-99B6-EE8F5F9D179E}.Debug|Any CPU.Build.0 = Debug|Any CPU
		{D1B22EF5-57AF-4DD8-99B6-EE8F5F9D179E}.Release|Any CPU.ActiveCfg = Release|Any CPU
		{D1B22EF5-57AF-4DD8-99B6-EE8F5F9D179E}.Release|Any CPU.Build.0 = Release|Any CPU
	EndGlobalSection
	GlobalSection(SolutionProperties) = preSolution
		HideSolutionNode = FALSE
	EndGlobalSection
	GlobalSection(NestedProjects) = preSolution
		{458CB45F-8613-421A-BECE-1686A3D2BCD4} = {C8074A77-C193-45CD-A05B-D6C82DDF9292}
		{E7AFD5FF-B38D-4621-A64E-522D9990CB11} = {DD2681A5-17E6-4952-B354-BBF7AF7B49EE}
		{F255241A-C275-4CD4-9A9B-1B1EE78AD227} = {EFB7141F-94F3-4F52-8F74-4BA907159185}
		{75268D38-31DC-44E1-BC10-967AF5F8B60F} = {DD2681A5-17E6-4952-B354-BBF7AF7B49EE}
		{7E2EC342-7D22-4B1A-A03D-75C17951F3EA} = {DD2681A5-17E6-4952-B354-BBF7AF7B49EE}
		{D1B22EF5-57AF-4DD8-99B6-EE8F5F9D179E} = {DD2681A5-17E6-4952-B354-BBF7AF7B49EE}
	EndGlobalSection
	GlobalSection(ExtensibilityGlobals) = postSolution
		SolutionGuid = {DF18DEB7-2E2D-44FF-BAE2-960D46043A7C}
	EndGlobalSection
EndGlobal
